
Microsoft Visual Studio Solution File, Format Version 12.00
Project("{FAE04EC0-301F-11D3-BF4B-00C04F79EFBC}") = "StreamProcessing.Server.DataIngestion", "StreamProcessing.Server.DataIngestion\StreamProcessing.Server.DataIngestion.csproj", "{890B5D35-4838-41DE-B71D-4B8A0DDF9C04}"
EndProject
Project("{FAE04EC0-301F-11D3-BF4B-00C04F79EFBC}") = "StreamProcessing.Server.Resources", "StreamProcessing.Server.Resources\StreamProcessing.Server.Resources.csproj", "{E19B67EB-280E-4432-8459-CAFA2198BF46}"
EndProject
Project("{FAE04EC0-301F-11D3-BF4B-00C04F79EFBC}") = "StreamProcessing.DataSender", "StreamProcessing.DataSender\StreamProcessing.DataSender.csproj", "{0435DB84-A46A-4C46-A898-EF851BB5742D}"
EndProject
Global
	GlobalSection(SolutionConfigurationPlatforms) = preSolution
		Debug|Any CPU = Debug|Any CPU
		Release|Any CPU = Release|Any CPU
	EndGlobalSection
	GlobalSection(ProjectConfigurationPlatforms) = postSolution
		{890B5D35-4838-41DE-B71D-4B8A0DDF9C04}.Debug|Any CPU.ActiveCfg = Debug|Any CPU
		{890B5D35-4838-41DE-B71D-4B8A0DDF9C04}.Debug|Any CPU.Build.0 = Debug|Any CPU
		{890B5D35-4838-41DE-B71D-4B8A0DDF9C04}.Release|Any CPU.ActiveCfg = Release|Any CPU
		{890B5D35-4838-41DE-B71D-4B8A0DDF9C04}.Release|Any CPU.Build.0 = Release|Any CPU
		{E19B67EB-280E-4432-8459-CAFA2198BF46}.Debug|Any CPU.ActiveCfg = Debug|Any CPU
		{E19B67EB-280E-4432-8459-CAFA2198BF46}.Debug|Any CPU.Build.0 = Debug|Any CPU
		{E19B67EB-280E-4432-8459-CAFA2198BF46}.Release|Any CPU.ActiveCfg = Release|Any CPU
		{E19B67EB-280E-4432-8459-CAFA2198BF46}.Release|Any CPU.Build.0 = Release|Any CPU
		{0435DB84-A46A-4C46-A898-EF851BB5742D}.Debug|Any CPU.ActiveCfg = Debug|Any CPU
		{0435DB84-A46A-4C46-A898-EF851BB5742D}.Debug|Any CPU.Build.0 = Debug|Any CPU
		{0435DB84-A46A-4C46-A898-EF851BB5742D}.Release|Any CPU.ActiveCfg = Release|Any CPU
		{0435DB84-A46A-4C46-A898-EF851BB5742D}.Release|Any CPU.Build.0 = Release|Any CPU
	EndGlobalSection
EndGlobal
