
Microsoft Visual Studio Solution File, Format Version 12.00
Project("{FAE04EC0-301F-11D3-BF4B-00C04F79EFBC}") = "StreamProcessing.Resources", "StreamProcessing.Resources\StreamProcessing.Resources.csproj", "{E19B67EB-280E-4432-8459-CAFA2198BF46}"
EndProject
Project("{FAE04EC0-301F-11D3-BF4B-00C04F79EFBC}") = "StreamProcessing.Producer", "StreamProcessing.Producer\StreamProcessing.Producer.csproj", "{0435DB84-A46A-4C46-A898-EF851BB5742D}"
EndProject
Project("{FAE04EC0-301F-11D3-BF4B-00C04F79EFBC}") = "StreamProcessing.Contracts", "StreamProcessing.Contracts\StreamProcessing.Contracts.csproj", "{6B9A9D36-D20C-4BAA-B63D-01F39F163733}"
EndProject
Project("{FAE04EC0-301F-11D3-BF4B-00C04F79EFBC}") = "StreamProcessing.Consumer", "StreamProcessing.Consumer\StreamProcessing.Consumer.csproj", "{26938DAD-3B86-44DC-8FD7-65350359E81D}"
EndProject
Global
	GlobalSection(SolutionConfigurationPlatforms) = preSolution
		Debug|Any CPU = Debug|Any CPU
		Release|Any CPU = Release|Any CPU
	EndGlobalSection
	GlobalSection(ProjectConfigurationPlatforms) = postSolution
		{E19B67EB-280E-4432-8459-CAFA2198BF46}.Debug|Any CPU.ActiveCfg = Debug|Any CPU
		{E19B67EB-280E-4432-8459-CAFA2198BF46}.Debug|Any CPU.Build.0 = Debug|Any CPU
		{E19B67EB-280E-4432-8459-CAFA2198BF46}.Release|Any CPU.ActiveCfg = Release|Any CPU
		{E19B67EB-280E-4432-8459-CAFA2198BF46}.Release|Any CPU.Build.0 = Release|Any CPU
		{0435DB84-A46A-4C46-A898-EF851BB5742D}.Debug|Any CPU.ActiveCfg = Debug|Any CPU
		{0435DB84-A46A-4C46-A898-EF851BB5742D}.Debug|Any CPU.Build.0 = Debug|Any CPU
		{0435DB84-A46A-4C46-A898-EF851BB5742D}.Release|Any CPU.ActiveCfg = Release|Any CPU
		{0435DB84-A46A-4C46-A898-EF851BB5742D}.Release|Any CPU.Build.0 = Release|Any CPU
		{6B9A9D36-D20C-4BAA-B63D-01F39F163733}.Debug|Any CPU.ActiveCfg = Debug|Any CPU
		{6B9A9D36-D20C-4BAA-B63D-01F39F163733}.Debug|Any CPU.Build.0 = Debug|Any CPU
		{6B9A9D36-D20C-4BAA-B63D-01F39F163733}.Release|Any CPU.ActiveCfg = Release|Any CPU
		{6B9A9D36-D20C-4BAA-B63D-01F39F163733}.Release|Any CPU.Build.0 = Release|Any CPU
		{26938DAD-3B86-44DC-8FD7-65350359E81D}.Debug|Any CPU.ActiveCfg = Debug|Any CPU
		{26938DAD-3B86-44DC-8FD7-65350359E81D}.Debug|Any CPU.Build.0 = Debug|Any CPU
		{26938DAD-3B86-44DC-8FD7-65350359E81D}.Release|Any CPU.ActiveCfg = Release|Any CPU
		{26938DAD-3B86-44DC-8FD7-65350359E81D}.Release|Any CPU.Build.0 = Release|Any CPU
	EndGlobalSection
EndGlobal
